// !$*UTF8*$!
{
	archiveVersion = 1;
	classes = {
	};
	objectVersion = 50;
	objects = {

/* Begin PBXBuildFile section */
		9093AC1A273BDE770019A43C /* AppDelegate.swift in Sources */ = {isa = PBXBuildFile; fileRef = 9093AC19273BDE770019A43C /* AppDelegate.swift */; };
		9093AC1C273BDE770019A43C /* SceneDelegate.swift in Sources */ = {isa = PBXBuildFile; fileRef = 9093AC1B273BDE770019A43C /* SceneDelegate.swift */; };
		9093AC1E273BDE770019A43C /* ViewController.swift in Sources */ = {isa = PBXBuildFile; fileRef = 9093AC1D273BDE770019A43C /* ViewController.swift */; };
		9093AC21273BDE770019A43C /* Main.storyboard in Resources */ = {isa = PBXBuildFile; fileRef = 9093AC1F273BDE770019A43C /* Main.storyboard */; };
		9093AC23273BDE770019A43C /* Assets.xcassets in Resources */ = {isa = PBXBuildFile; fileRef = 9093AC22273BDE770019A43C /* Assets.xcassets */; };
		9093AC26273BDE770019A43C /* LaunchScreen.storyboard in Resources */ = {isa = PBXBuildFile; fileRef = 9093AC24273BDE770019A43C /* LaunchScreen.storyboard */; };
		9093AC31273BDE780019A43C /* RxMemoTests.swift in Sources */ = {isa = PBXBuildFile; fileRef = 9093AC30273BDE780019A43C /* RxMemoTests.swift */; };
		9093AC3C273BDE780019A43C /* RxMemoUITests.swift in Sources */ = {isa = PBXBuildFile; fileRef = 9093AC3B273BDE780019A43C /* RxMemoUITests.swift */; };
/* End PBXBuildFile section */

/* Begin PBXContainerItemProxy section */
		9093AC2D273BDE780019A43C /* PBXContainerItemProxy */ = {
			isa = PBXContainerItemProxy;
			containerPortal = 9093AC0E273BDE770019A43C /* Project object */;
			proxyType = 1;
			remoteGlobalIDString = 9093AC15273BDE770019A43C;
			remoteInfo = RxMemo;
		};
		9093AC38273BDE780019A43C /* PBXContainerItemProxy */ = {
			isa = PBXContainerItemProxy;
			containerPortal = 9093AC0E273BDE770019A43C /* Project object */;
			proxyType = 1;
			remoteGlobalIDString = 9093AC15273BDE770019A43C;
			remoteInfo = RxMemo;
		};
/* End PBXContainerItemProxy section */

/* Begin PBXFileReference section */
		9093AC16273BDE770019A43C /* RxMemo.app */ = {isa = PBXFileReference; explicitFileType = wrapper.application; includeInIndex = 0; path = RxMemo.app; sourceTree = BUILT_PRODUCTS_DIR; };
		9093AC19273BDE770019A43C /* AppDelegate.swift */ = {isa = PBXFileReference; lastKnownFileType = sourcecode.swift; path = AppDelegate.swift; sourceTree = "<group>"; };
		9093AC1B273BDE770019A43C /* SceneDelegate.swift */ = {isa = PBXFileReference; lastKnownFileType = sourcecode.swift; path = SceneDelegate.swift; sourceTree = "<group>"; };
		9093AC1D273BDE770019A43C /* ViewController.swift */ = {isa = PBXFileReference; lastKnownFileType = sourcecode.swift; path = ViewController.swift; sourceTree = "<group>"; };
		9093AC20273BDE770019A43C /* Base */ = {isa = PBXFileReference; lastKnownFileType = file.storyboard; name = Base; path = Base.lproj/Main.storyboard; sourceTree = "<group>"; };
		9093AC22273BDE770019A43C /* Assets.xcassets */ = {isa = PBXFileReference; lastKnownFileType = folder.assetcatalog; path = Assets.xcassets; sourceTree = "<group>"; };
		9093AC25273BDE770019A43C /* Base */ = {isa = PBXFileReference; lastKnownFileType = file.storyboard; name = Base; path = Base.lproj/LaunchScreen.storyboard; sourceTree = "<group>"; };
		9093AC27273BDE770019A43C /* Info.plist */ = {isa = PBXFileReference; lastKnownFileType = text.plist.xml; path = Info.plist; sourceTree = "<group>"; };
		9093AC2C273BDE780019A43C /* RxMemoTests.xctest */ = {isa = PBXFileReference; explicitFileType = wrapper.cfbundle; includeInIndex = 0; path = RxMemoTests.xctest; sourceTree = BUILT_PRODUCTS_DIR; };
		9093AC30273BDE780019A43C /* RxMemoTests.swift */ = {isa = PBXFileReference; lastKnownFileType = sourcecode.swift; path = RxMemoTests.swift; sourceTree = "<group>"; };
		9093AC32273BDE780019A43C /* Info.plist */ = {isa = PBXFileReference; lastKnownFileType = text.plist.xml; path = Info.plist; sourceTree = "<group>"; };
		9093AC37273BDE780019A43C /* RxMemoUITests.xctest */ = {isa = PBXFileReference; explicitFileType = wrapper.cfbundle; includeInIndex = 0; path = RxMemoUITests.xctest; sourceTree = BUILT_PRODUCTS_DIR; };
		9093AC3B273BDE780019A43C /* RxMemoUITests.swift */ = {isa = PBXFileReference; lastKnownFileType = sourcecode.swift; path = RxMemoUITests.swift; sourceTree = "<group>"; };
		9093AC3D273BDE780019A43C /* Info.plist */ = {isa = PBXFileReference; lastKnownFileType = text.plist.xml; path = Info.plist; sourceTree = "<group>"; };
/* End PBXFileReference section */

/* Begin PBXFrameworksBuildPhase section */
		9093AC13273BDE770019A43C /* Frameworks */ = {
			isa = PBXFrameworksBuildPhase;
			buildActionMask = 2147483647;
			files = (
			);
			runOnlyForDeploymentPostprocessing = 0;
		};
		9093AC29273BDE780019A43C /* Frameworks */ = {
			isa = PBXFrameworksBuildPhase;
			buildActionMask = 2147483647;
			files = (
			);
			runOnlyForDeploymentPostprocessing = 0;
		};
		9093AC34273BDE780019A43C /* Frameworks */ = {
			isa = PBXFrameworksBuildPhase;
			buildActionMask = 2147483647;
			files = (
			);
			runOnlyForDeploymentPostprocessing = 0;
		};
/* End PBXFrameworksBuildPhase section */

/* Begin PBXGroup section */
		9093AC0D273BDE770019A43C = {
			isa = PBXGroup;
			children = (
				9093AC18273BDE770019A43C /* RxMemo */,
				9093AC2F273BDE780019A43C /* RxMemoTests */,
				9093AC3A273BDE780019A43C /* RxMemoUITests */,
				9093AC17273BDE770019A43C /* Products */,
			);
			sourceTree = "<group>";
		};
		9093AC17273BDE770019A43C /* Products */ = {
			isa = PBXGroup;
			children = (
				9093AC16273BDE770019A43C /* RxMemo.app */,
				9093AC2C273BDE780019A43C /* RxMemoTests.xctest */,
				9093AC37273BDE780019A43C /* RxMemoUITests.xctest */,
			);
			name = Products;
			sourceTree = "<group>";
		};
		9093AC18273BDE770019A43C /* RxMemo */ = {
			isa = PBXGroup;
			children = (
				9093AC19273BDE770019A43C /* AppDelegate.swift */,
				9093AC1B273BDE770019A43C /* SceneDelegate.swift */,
				9093AC1D273BDE770019A43C /* ViewController.swift */,
				9093AC1F273BDE770019A43C /* Main.storyboard */,
				9093AC22273BDE770019A43C /* Assets.xcassets */,
				9093AC24273BDE770019A43C /* LaunchScreen.storyboard */,
				9093AC27273BDE770019A43C /* Info.plist */,
			);
			path = RxMemo;
			sourceTree = "<group>";
		};
		9093AC2F273BDE780019A43C /* RxMemoTests */ = {
			isa = PBXGroup;
			children = (
				9093AC30273BDE780019A43C /* RxMemoTests.swift */,
				9093AC32273BDE780019A43C /* Info.plist */,
			);
			path = RxMemoTests;
			sourceTree = "<group>";
		};
		9093AC3A273BDE780019A43C /* RxMemoUITests */ = {
			isa = PBXGroup;
			children = (
				9093AC3B273BDE780019A43C /* RxMemoUITests.swift */,
				9093AC3D273BDE780019A43C /* Info.plist */,
			);
			path = RxMemoUITests;
			sourceTree = "<group>";
		};
/* End PBXGroup section */

/* Begin PBXNativeTarget section */
		9093AC15273BDE770019A43C /* RxMemo */ = {
			isa = PBXNativeTarget;
			buildConfigurationList = 9093AC40273BDE780019A43C /* Build configuration list for PBXNativeTarget "RxMemo" */;
			buildPhases = (
				9093AC12273BDE770019A43C /* Sources */,
				9093AC13273BDE770019A43C /* Frameworks */,
				9093AC14273BDE770019A43C /* Resources */,
			);
			buildRules = (
			);
			dependencies = (
			);
			name = RxMemo;
			productName = RxMemo;
			productReference = 9093AC16273BDE770019A43C /* RxMemo.app */;
			productType = "com.apple.product-type.application";
		};
		9093AC2B273BDE780019A43C /* RxMemoTests */ = {
			isa = PBXNativeTarget;
			buildConfigurationList = 9093AC43273BDE780019A43C /* Build configuration list for PBXNativeTarget "RxMemoTests" */;
			buildPhases = (
				9093AC28273BDE780019A43C /* Sources */,
				9093AC29273BDE780019A43C /* Frameworks */,
				9093AC2A273BDE780019A43C /* Resources */,
			);
			buildRules = (
			);
			dependencies = (
				9093AC2E273BDE780019A43C /* PBXTargetDependency */,
			);
			name = RxMemoTests;
			productName = RxMemoTests;
			productReference = 9093AC2C273BDE780019A43C /* RxMemoTests.xctest */;
			productType = "com.apple.product-type.bundle.unit-test";
		};
		9093AC36273BDE780019A43C /* RxMemoUITests */ = {
			isa = PBXNativeTarget;
			buildConfigurationList = 9093AC46273BDE780019A43C /* Build configuration list for PBXNativeTarget "RxMemoUITests" */;
			buildPhases = (
				9093AC33273BDE780019A43C /* Sources */,
				9093AC34273BDE780019A43C /* Frameworks */,
				9093AC35273BDE780019A43C /* Resources */,
			);
			buildRules = (
			);
			dependencies = (
				9093AC39273BDE780019A43C /* PBXTargetDependency */,
			);
			name = RxMemoUITests;
			productName = RxMemoUITests;
			productReference = 9093AC37273BDE780019A43C /* RxMemoUITests.xctest */;
			productType = "com.apple.product-type.bundle.ui-testing";
		};
/* End PBXNativeTarget section */

/* Begin PBXProject section */
		9093AC0E273BDE770019A43C /* Project object */ = {
			isa = PBXProject;
			attributes = {
				LastSwiftUpdateCheck = 1250;
				LastUpgradeCheck = 1250;
				TargetAttributes = {
					9093AC15273BDE770019A43C = {
						CreatedOnToolsVersion = 12.5.1;
					};
					9093AC2B273BDE780019A43C = {
						CreatedOnToolsVersion = 12.5.1;
						TestTargetID = 9093AC15273BDE770019A43C;
					};
					9093AC36273BDE780019A43C = {
						CreatedOnToolsVersion = 12.5.1;
						TestTargetID = 9093AC15273BDE770019A43C;
					};
				};
			};
			buildConfigurationList = 9093AC11273BDE770019A43C /* Build configuration list for PBXProject "RxMemo" */;
			compatibilityVersion = "Xcode 9.3";
			developmentRegion = en;
			hasScannedForEncodings = 0;
			knownRegions = (
				en,
				Base,
			);
			mainGroup = 9093AC0D273BDE770019A43C;
			productRefGroup = 9093AC17273BDE770019A43C /* Products */;
			projectDirPath = "";
			projectRoot = "";
			targets = (
				9093AC15273BDE770019A43C /* RxMemo */,
				9093AC2B273BDE780019A43C /* RxMemoTests */,
				9093AC36273BDE780019A43C /* RxMemoUITests */,
			);
		};
/* End PBXProject section */

/* Begin PBXResourcesBuildPhase section */
		9093AC14273BDE770019A43C /* Resources */ = {
			isa = PBXResourcesBuildPhase;
			buildActionMask = 2147483647;
			files = (
				9093AC26273BDE770019A43C /* LaunchScreen.storyboard in Resources */,
				9093AC23273BDE770019A43C /* Assets.xcassets in Resources */,
				9093AC21273BDE770019A43C /* Main.storyboard in Resources */,
			);
			runOnlyForDeploymentPostprocessing = 0;
		};
		9093AC2A273BDE780019A43C /* Resources */ = {
			isa = PBXResourcesBuildPhase;
			buildActionMask = 2147483647;
			files = (
			);
			runOnlyForDeploymentPostprocessing = 0;
		};
		9093AC35273BDE780019A43C /* Resources */ = {
			isa = PBXResourcesBuildPhase;
			buildActionMask = 2147483647;
			files = (
			);
			runOnlyForDeploymentPostprocessing = 0;
		};
/* End PBXResourcesBuildPhase section */

/* Begin PBXSourcesBuildPhase section */
		9093AC12273BDE770019A43C /* Sources */ = {
			isa = PBXSourcesBuildPhase;
			buildActionMask = 2147483647;
			files = (
				9093AC1E273BDE770019A43C /* ViewController.swift in Sources */,
				9093AC1A273BDE770019A43C /* AppDelegate.swift in Sources */,
				9093AC1C273BDE770019A43C /* SceneDelegate.swift in Sources */,
			);
			runOnlyForDeploymentPostprocessing = 0;
		};
		9093AC28273BDE780019A43C /* Sources */ = {
			isa = PBXSourcesBuildPhase;
			buildActionMask = 2147483647;
			files = (
				9093AC31273BDE780019A43C /* RxMemoTests.swift in Sources */,
			);
			runOnlyForDeploymentPostprocessing = 0;
		};
		9093AC33273BDE780019A43C /* Sources */ = {
			isa = PBXSourcesBuildPhase;
			buildActionMask = 2147483647;
			files = (
				9093AC3C273BDE780019A43C /* RxMemoUITests.swift in Sources */,
			);
			runOnlyForDeploymentPostprocessing = 0;
		};
/* End PBXSourcesBuildPhase section */

/* Begin PBXTargetDependency section */
		9093AC2E273BDE780019A43C /* PBXTargetDependency */ = {
			isa = PBXTargetDependency;
			target = 9093AC15273BDE770019A43C /* RxMemo */;
			targetProxy = 9093AC2D273BDE780019A43C /* PBXContainerItemProxy */;
		};
		9093AC39273BDE780019A43C /* PBXTargetDependency */ = {
			isa = PBXTargetDependency;
			target = 9093AC15273BDE770019A43C /* RxMemo */;
			targetProxy = 9093AC38273BDE780019A43C /* PBXContainerItemProxy */;
		};
/* End PBXTargetDependency section */

/* Begin PBXVariantGroup section */
		9093AC1F273BDE770019A43C /* Main.storyboard */ = {
			isa = PBXVariantGroup;
			children = (
				9093AC20273BDE770019A43C /* Base */,
			);
			name = Main.storyboard;
			sourceTree = "<group>";
		};
		9093AC24273BDE770019A43C /* LaunchScreen.storyboard */ = {
			isa = PBXVariantGroup;
			children = (
				9093AC25273BDE770019A43C /* Base */,
			);
			name = LaunchScreen.storyboard;
			sourceTree = "<group>";
		};
/* End PBXVariantGroup section */

/* Begin XCBuildConfiguration section */
		9093AC3E273BDE780019A43C /* Debug */ = {
			isa = XCBuildConfiguration;
			buildSettings = {
				ALWAYS_SEARCH_USER_PATHS = NO;
				CLANG_ANALYZER_NONNULL = YES;
				CLANG_ANALYZER_NUMBER_OBJECT_CONVERSION = YES_AGGRESSIVE;
				CLANG_CXX_LANGUAGE_STANDARD = "gnu++14";
				CLANG_CXX_LIBRARY = "libc++";
				CLANG_ENABLE_MODULES = YES;
				CLANG_ENABLE_OBJC_ARC = YES;
				CLANG_ENABLE_OBJC_WEAK = YES;
				CLANG_WARN_BLOCK_CAPTURE_AUTORELEASING = YES;
				CLANG_WARN_BOOL_CONVERSION = YES;
				CLANG_WARN_COMMA = YES;
				CLANG_WARN_CONSTANT_CONVERSION = YES;
				CLANG_WARN_DEPRECATED_OBJC_IMPLEMENTATIONS = YES;
				CLANG_WARN_DIRECT_OBJC_ISA_USAGE = YES_ERROR;
				CLANG_WARN_DOCUMENTATION_COMMENTS = YES;
				CLANG_WARN_EMPTY_BODY = YES;
				CLANG_WARN_ENUM_CONVERSION = YES;
				CLANG_WARN_INFINITE_RECURSION = YES;
				CLANG_WARN_INT_CONVERSION = YES;
				CLANG_WARN_NON_LITERAL_NULL_CONVERSION = YES;
				CLANG_WARN_OBJC_IMPLICIT_RETAIN_SELF = YES;
				CLANG_WARN_OBJC_LITERAL_CONVERSION = YES;
				CLANG_WARN_OBJC_ROOT_CLASS = YES_ERROR;
				CLANG_WARN_QUOTED_INCLUDE_IN_FRAMEWORK_HEADER = YES;
				CLANG_WARN_RANGE_LOOP_ANALYSIS = YES;
				CLANG_WARN_STRICT_PROTOTYPES = YES;
				CLANG_WARN_SUSPICIOUS_MOVE = YES;
				CLANG_WARN_UNGUARDED_AVAILABILITY = YES_AGGRESSIVE;
				CLANG_WARN_UNREACHABLE_CODE = YES;
				CLANG_WARN__DUPLICATE_METHOD_MATCH = YES;
				COPY_PHASE_STRIP = NO;
				DEBUG_INFORMATION_FORMAT = dwarf;
				ENABLE_STRICT_OBJC_MSGSEND = YES;
				ENABLE_TESTABILITY = YES;
				GCC_C_LANGUAGE_STANDARD = gnu11;
				GCC_DYNAMIC_NO_PIC = NO;
				GCC_NO_COMMON_BLOCKS = YES;
				GCC_OPTIMIZATION_LEVEL = 0;
				GCC_PREPROCESSOR_DEFINITIONS = (
					"DEBUG=1",
					"$(inherited)",
				);
				GCC_WARN_64_TO_32_BIT_CONVERSION = YES;
				GCC_WARN_ABOUT_RETURN_TYPE = YES_ERROR;
				GCC_WARN_UNDECLARED_SELECTOR = YES;
				GCC_WARN_UNINITIALIZED_AUTOS = YES_AGGRESSIVE;
				GCC_WARN_UNUSED_FUNCTION = YES;
				GCC_WARN_UNUSED_VARIABLE = YES;
				IPHONEOS_DEPLOYMENT_TARGET = 14.5;
				MTL_ENABLE_DEBUG_INFO = INCLUDE_SOURCE;
				MTL_FAST_MATH = YES;
				ONLY_ACTIVE_ARCH = YES;
				SDKROOT = iphoneos;
				SWIFT_ACTIVE_COMPILATION_CONDITIONS = DEBUG;
				SWIFT_OPTIMIZATION_LEVEL = "-Onone";
			};
			name = Debug;
		};
		9093AC3F273BDE780019A43C /* Release */ = {
			isa = XCBuildConfiguration;
			buildSettings = {
				ALWAYS_SEARCH_USER_PATHS = NO;
				CLANG_ANALYZER_NONNULL = YES;
				CLANG_ANALYZER_NUMBER_OBJECT_CONVERSION = YES_AGGRESSIVE;
				CLANG_CXX_LANGUAGE_STANDARD = "gnu++14";
				CLANG_CXX_LIBRARY = "libc++";
				CLANG_ENABLE_MODULES = YES;
				CLANG_ENABLE_OBJC_ARC = YES;
				CLANG_ENABLE_OBJC_WEAK = YES;
				CLANG_WARN_BLOCK_CAPTURE_AUTORELEASING = YES;
				CLANG_WARN_BOOL_CONVERSION = YES;
				CLANG_WARN_COMMA = YES;
				CLANG_WARN_CONSTANT_CONVERSION = YES;
				CLANG_WARN_DEPRECATED_OBJC_IMPLEMENTATIONS = YES;
				CLANG_WARN_DIRECT_OBJC_ISA_USAGE = YES_ERROR;
				CLANG_WARN_DOCUMENTATION_COMMENTS = YES;
				CLANG_WARN_EMPTY_BODY = YES;
				CLANG_WARN_ENUM_CONVERSION = YES;
				CLANG_WARN_INFINITE_RECURSION = YES;
				CLANG_WARN_INT_CONVERSION = YES;
				CLANG_WARN_NON_LITERAL_NULL_CONVERSION = YES;
				CLANG_WARN_OBJC_IMPLICIT_RETAIN_SELF = YES;
				CLANG_WARN_OBJC_LITERAL_CONVERSION = YES;
				CLANG_WARN_OBJC_ROOT_CLASS = YES_ERROR;
				CLANG_WARN_QUOTED_INCLUDE_IN_FRAMEWORK_HEADER = YES;
				CLANG_WARN_RANGE_LOOP_ANALYSIS = YES;
				CLANG_WARN_STRICT_PROTOTYPES = YES;
				CLANG_WARN_SUSPICIOUS_MOVE = YES;
				CLANG_WARN_UNGUARDED_AVAILABILITY = YES_AGGRESSIVE;
				CLANG_WARN_UNREACHABLE_CODE = YES;
				CLANG_WARN__DUPLICATE_METHOD_MATCH = YES;
				COPY_PHASE_STRIP = NO;
				DEBUG_INFORMATION_FORMAT = "dwarf-with-dsym";
				ENABLE_NS_ASSERTIONS = NO;
				ENABLE_STRICT_OBJC_MSGSEND = YES;
				GCC_C_LANGUAGE_STANDARD = gnu11;
				GCC_NO_COMMON_BLOCKS = YES;
				GCC_WARN_64_TO_32_BIT_CONVERSION = YES;
				GCC_WARN_ABOUT_RETURN_TYPE = YES_ERROR;
				GCC_WARN_UNDECLARED_SELECTOR = YES;
				GCC_WARN_UNINITIALIZED_AUTOS = YES_AGGRESSIVE;
				GCC_WARN_UNUSED_FUNCTION = YES;
				GCC_WARN_UNUSED_VARIABLE = YES;
				IPHONEOS_DEPLOYMENT_TARGET = 14.5;
				MTL_ENABLE_DEBUG_INFO = NO;
				MTL_FAST_MATH = YES;
				SDKROOT = iphoneos;
				SWIFT_COMPILATION_MODE = wholemodule;
				SWIFT_OPTIMIZATION_LEVEL = "-O";
				VALIDATE_PRODUCT = YES;
			};
			name = Release;
		};
		9093AC41273BDE780019A43C /* Debug */ = {
			isa = XCBuildConfiguration;
			buildSettings = {
				ASSETCATALOG_COMPILER_APPICON_NAME = AppIcon;
				ASSETCATALOG_COMPILER_GLOBAL_ACCENT_COLOR_NAME = AccentColor;
				CODE_SIGN_STYLE = Automatic;
				DEVELOPMENT_TEAM = C5Y2CH62YY;
				INFOPLIST_FILE = RxMemo/Info.plist;
				LD_RUNPATH_SEARCH_PATHS = (
					"$(inherited)",
					"@executable_path/Frameworks",
				);
				PRODUCT_BUNDLE_IDENTIFIER = app.jiyeonlab.RxMemo;
				PRODUCT_NAME = "$(TARGET_NAME)";
				SWIFT_VERSION = 5.0;
				TARGETED_DEVICE_FAMILY = "1,2";
			};
			name = Debug;
		};
		9093AC42273BDE780019A43C /* Release */ = {
			isa = XCBuildConfiguration;
			buildSettings = {
				ASSETCATALOG_COMPILER_APPICON_NAME = AppIcon;
				ASSETCATALOG_COMPILER_GLOBAL_ACCENT_COLOR_NAME = AccentColor;
				CODE_SIGN_STYLE = Automatic;
				DEVELOPMENT_TEAM = C5Y2CH62YY;
				INFOPLIST_FILE = RxMemo/Info.plist;
				LD_RUNPATH_SEARCH_PATHS = (
					"$(inherited)",
					"@executable_path/Frameworks",
				);
				PRODUCT_BUNDLE_IDENTIFIER = app.jiyeonlab.RxMemo;
				PRODUCT_NAME = "$(TARGET_NAME)";
				SWIFT_VERSION = 5.0;
				TARGETED_DEVICE_FAMILY = "1,2";
			};
			name = Release;
		};
		9093AC44273BDE780019A43C /* Debug */ = {
			isa = XCBuildConfiguration;
			buildSettings = {
				ALWAYS_EMBED_SWIFT_STANDARD_LIBRARIES = YES;
				BUNDLE_LOADER = "$(TEST_HOST)";
				CODE_SIGN_STYLE = Automatic;
				DEVELOPMENT_TEAM = C5Y2CH62YY;
				INFOPLIST_FILE = RxMemoTests/Info.plist;
				IPHONEOS_DEPLOYMENT_TARGET = 14.5;
				LD_RUNPATH_SEARCH_PATHS = (
					"$(inherited)",
					"@executable_path/Frameworks",
					"@loader_path/Frameworks",
				);
				PRODUCT_BUNDLE_IDENTIFIER = app.jiyeonlab.RxMemoTests;
				PRODUCT_NAME = "$(TARGET_NAME)";
				SWIFT_VERSION = 5.0;
				TARGETED_DEVICE_FAMILY = "1,2";
				TEST_HOST = "$(BUILT_PRODUCTS_DIR)/RxMemo.app/RxMemo";
			};
			name = Debug;
		};
		9093AC45273BDE780019A43C /* Release */ = {
			isa = XCBuildConfiguration;
			buildSettings = {
				ALWAYS_EMBED_SWIFT_STANDARD_LIBRARIES = YES;
				BUNDLE_LOADER = "$(TEST_HOST)";
				CODE_SIGN_STYLE = Automatic;
				DEVELOPMENT_TEAM = C5Y2CH62YY;
				INFOPLIST_FILE = RxMemoTests/Info.plist;
				IPHONEOS_DEPLOYMENT_TARGET = 14.5;
				LD_RUNPATH_SEARCH_PATHS = (
					"$(inherited)",
					"@executable_path/Frameworks",
					"@loader_path/Frameworks",
				);
				PRODUCT_BUNDLE_IDENTIFIER = app.jiyeonlab.RxMemoTests;
				PRODUCT_NAME = "$(TARGET_NAME)";
				SWIFT_VERSION = 5.0;
				TARGETED_DEVICE_FAMILY = "1,2";
				TEST_HOST = "$(BUILT_PRODUCTS_DIR)/RxMemo.app/RxMemo";
			};
			name = Release;
		};
		9093AC47273BDE780019A43C /* Debug */ = {
			isa = XCBuildConfiguration;
			buildSettings = {
				ALWAYS_EMBED_SWIFT_STANDARD_LIBRARIES = YES;
				CODE_SIGN_STYLE = Automatic;
				DEVELOPMENT_TEAM = C5Y2CH62YY;
				INFOPLIST_FILE = RxMemoUITests/Info.plist;
				LD_RUNPATH_SEARCH_PATHS = (
					"$(inherited)",
					"@executable_path/Frameworks",
					"@loader_path/Frameworks",
				);
				PRODUCT_BUNDLE_IDENTIFIER = app.jiyeonlab.RxMemoUITests;
				PRODUCT_NAME = "$(TARGET_NAME)";
				SWIFT_VERSION = 5.0;
				TARGETED_DEVICE_FAMILY = "1,2";
				TEST_TARGET_NAME = RxMemo;
			};
			name = Debug;
		};
		9093AC48273BDE780019A43C /* Release */ = {
			isa = XCBuildConfiguration;
			buildSettings = {
				ALWAYS_EMBED_SWIFT_STANDARD_LIBRARIES = YES;
				CODE_SIGN_STYLE = Automatic;
				DEVELOPMENT_TEAM = C5Y2CH62YY;
				INFOPLIST_FILE = RxMemoUITests/Info.plist;
				LD_RUNPATH_SEARCH_PATHS = (
					"$(inherited)",
					"@executable_path/Frameworks",
					"@loader_path/Frameworks",
				);
				PRODUCT_BUNDLE_IDENTIFIER = app.jiyeonlab.RxMemoUITests;
				PRODUCT_NAME = "$(TARGET_NAME)";
				SWIFT_VERSION = 5.0;
				TARGETED_DEVICE_FAMILY = "1,2";
				TEST_TARGET_NAME = RxMemo;
			};
			name = Release;
		};
/* End XCBuildConfiguration section */

/* Begin XCConfigurationList section */
		9093AC11273BDE770019A43C /* Build configuration list for PBXProject "RxMemo" */ = {
			isa = XCConfigurationList;
			buildConfigurations = (
				9093AC3E273BDE780019A43C /* Debug */,
				9093AC3F273BDE780019A43C /* Release */,
			);
			defaultConfigurationIsVisible = 0;
			defaultConfigurationName = Release;
		};
		9093AC40273BDE780019A43C /* Build configuration list for PBXNativeTarget "RxMemo" */ = {
			isa = XCConfigurationList;
			buildConfigurations = (
				9093AC41273BDE780019A43C /* Debug */,
				9093AC42273BDE780019A43C /* Release */,
			);
			defaultConfigurationIsVisible = 0;
			defaultConfigurationName = Release;
		};
		9093AC43273BDE780019A43C /* Build configuration list for PBXNativeTarget "RxMemoTests" */ = {
			isa = XCConfigurationList;
			buildConfigurations = (
				9093AC44273BDE780019A43C /* Debug */,
				9093AC45273BDE780019A43C /* Release */,
			);
			defaultConfigurationIsVisible = 0;
			defaultConfigurationName = Release;
		};
		9093AC46273BDE780019A43C /* Build configuration list for PBXNativeTarget "RxMemoUITests" */ = {
			isa = XCConfigurationList;
			buildConfigurations = (
				9093AC47273BDE780019A43C /* Debug */,
				9093AC48273BDE780019A43C /* Release */,
			);
			defaultConfigurationIsVisible = 0;
			defaultConfigurationName = Release;
		};
/* End XCConfigurationList section */
	};
	rootObject = 9093AC0E273BDE770019A43C /* Project object */;
}
